
Microsoft Visual Studio Solution File, Format Version 12.00
# Visual Studio Version 17
VisualStudioVersion = 17.6.33815.320
MinimumVisualStudioVersion = 10.0.40219.1
Project("{FAE04EC0-301F-11D3-BF4B-00C04F79EFBC}") = "LogicalPrograms", "LogicalPrograms.csproj", "{D5B7096A-4182-4911-982F-EC1554349FA1}"
EndProject
Global
	GlobalSection(SolutionConfigurationPlatforms) = preSolution
		Debug|Any CPU = Debug|Any CPU
		Release|Any CPU = Release|Any CPU
	EndGlobalSection
	GlobalSection(ProjectConfigurationPlatforms) = postSolution
		{D5B7096A-4182-4911-982F-EC1554349FA1}.Debug|Any CPU.ActiveCfg = Debug|Any CPU
		{D5B7096A-4182-4911-982F-EC1554349FA1}.Debug|Any CPU.Build.0 = Debug|Any CPU
		{D5B7096A-4182-4911-982F-EC1554349FA1}.Release|Any CPU.ActiveCfg = Release|Any CPU
		{D5B7096A-4182-4911-982F-EC1554349FA1}.Release|Any CPU.Build.0 = Release|Any CPU
	EndGlobalSection
	GlobalSection(SolutionProperties) = preSolution
		HideSolutionNode = FALSE
	EndGlobalSection
	GlobalSection(ExtensibilityGlobals) = postSolution
		SolutionGuid = {8E2DEF60-A641-4DB7-A157-3D36685ADD60}
	EndGlobalSection
EndGlobal
